PODS:
  - Kingfisher (5.9.0):
    - Kingfisher/Core (= 5.9.0)
  - Kingfisher/Core (5.9.0)

DEPENDENCIES:
  - Kingfisher (= 5.9.0)

SPEC REPOS:
  trunk:
    - Kingfisher

SPEC CHECKSUMS:
  Kingfisher: ff98240aebb7302bdc4f1ecd701761030ce18b16

PODFILE CHECKSUM: 28e774d15f7002229f45f649507b41c74d0cb2d2

COCOAPODS: 1.8.4
